
Microsoft Visual Studio Solution File, Format Version 12.00
# Visual Studio Version 17
VisualStudioVersion = 17.1.32328.378
MinimumVisualStudioVersion = 10.0.40219.1
Project("{FAE04EC0-301F-11D3-BF4B-00C04F79EFBC}") = "6Generics - WiredBrainCoffee.StackApp", "6Generics - WiredBrainCoffeeStackApp\6Generics - WiredBrainCoffee.StackApp.csproj", "{36102332-4F03-4806-8CB1-1B7B280527B3}"
EndProject
Global
	GlobalSection(SolutionConfigurationPlatforms) = preSolution
		Debug|Any CPU = Debug|Any CPU
		Release|Any CPU = Release|Any CPU
	EndGlobalSection
	GlobalSection(ProjectConfigurationPlatforms) = postSolution
		{36102332-4F03-4806-8CB1-1B7B280527B3}.Debug|Any CPU.ActiveCfg = Debug|Any CPU
		{36102332-4F03-4806-8CB1-1B7B280527B3}.Debug|Any CPU.Build.0 = Debug|Any CPU
		{36102332-4F03-4806-8CB1-1B7B280527B3}.Release|Any CPU.ActiveCfg = Release|Any CPU
		{36102332-4F03-4806-8CB1-1B7B280527B3}.Release|Any CPU.Build.0 = Release|Any CPU
	EndGlobalSection
	GlobalSection(SolutionProperties) = preSolution
		HideSolutionNode = FALSE
	EndGlobalSection
	GlobalSection(ExtensibilityGlobals) = postSolution
		SolutionGuid = {441888CA-F899-4579-8345-17147BDE306C}
	EndGlobalSection
EndGlobal
