
Microsoft Visual Studio Solution File, Format Version 12.00
# Visual Studio Version 17
VisualStudioVersion = 17.1.32407.343
MinimumVisualStudioVersion = 10.0.40219.1
Project("{FAE04EC0-301F-11D3-BF4B-00C04F79EFBC}") = "9ExtensionMethods", "9ExtensionMethods\9ExtensionMethods.csproj", "{292ACB46-57C0-4C1B-B33E-41F774334CEE}"
EndProject
Global
	GlobalSection(SolutionConfigurationPlatforms) = preSolution
		Debug|Any CPU = Debug|Any CPU
		Release|Any CPU = Release|Any CPU
	EndGlobalSection
	GlobalSection(ProjectConfigurationPlatforms) = postSolution
		{292ACB46-57C0-4C1B-B33E-41F774334CEE}.Debug|Any CPU.ActiveCfg = Debug|Any CPU
		{292ACB46-57C0-4C1B-B33E-41F774334CEE}.Debug|Any CPU.Build.0 = Debug|Any CPU
		{292ACB46-57C0-4C1B-B33E-41F774334CEE}.Release|Any CPU.ActiveCfg = Release|Any CPU
		{292ACB46-57C0-4C1B-B33E-41F774334CEE}.Release|Any CPU.Build.0 = Release|Any CPU
	EndGlobalSection
	GlobalSection(SolutionProperties) = preSolution
		HideSolutionNode = FALSE
	EndGlobalSection
	GlobalSection(ExtensibilityGlobals) = postSolution
		SolutionGuid = {3E9A2260-7C9F-4E0C-9BCB-889806A9AC9F}
	EndGlobalSection
EndGlobal
