
Microsoft Visual Studio Solution File, Format Version 12.00
# Visual Studio Version 17
VisualStudioVersion = 17.1.32407.343
MinimumVisualStudioVersion = 10.0.40219.1
Project("{FAE04EC0-301F-11D3-BF4B-00C04F79EFBC}") = "8ArraysAndCollections - DisplayRoutes", "8ArraysAndCollections - DisplayRoutes\8ArraysAndCollections - DisplayRoutes.csproj", "{83B5975E-097E-4649-8F13-A9FA1C33E385}"
EndProject
Global
	GlobalSection(SolutionConfigurationPlatforms) = preSolution
		Debug|Any CPU = Debug|Any CPU
		Release|Any CPU = Release|Any CPU
	EndGlobalSection
	GlobalSection(ProjectConfigurationPlatforms) = postSolution
		{83B5975E-097E-4649-8F13-A9FA1C33E385}.Debug|Any CPU.ActiveCfg = Debug|Any CPU
		{83B5975E-097E-4649-8F13-A9FA1C33E385}.Debug|Any CPU.Build.0 = Debug|Any CPU
		{83B5975E-097E-4649-8F13-A9FA1C33E385}.Release|Any CPU.ActiveCfg = Release|Any CPU
		{83B5975E-097E-4649-8F13-A9FA1C33E385}.Release|Any CPU.Build.0 = Release|Any CPU
	EndGlobalSection
	GlobalSection(SolutionProperties) = preSolution
		HideSolutionNode = FALSE
	EndGlobalSection
	GlobalSection(ExtensibilityGlobals) = postSolution
		SolutionGuid = {01DA3BFD-19D5-4345-A42E-AD7CE1B6D2CA}
	EndGlobalSection
EndGlobal
