
Microsoft Visual Studio Solution File, Format Version 12.00
# Visual Studio Version 17
VisualStudioVersion = 17.1.32407.343
MinimumVisualStudioVersion = 10.0.40219.1
Project("{FAE04EC0-301F-11D3-BF4B-00C04F79EFBC}") = "10LINQ", "10LINQ\10LINQ.csproj", "{1517572F-6BE5-4A05-8EEE-E1588F7366DB}"
EndProject
Global
	GlobalSection(SolutionConfigurationPlatforms) = preSolution
		Debug|Any CPU = Debug|Any CPU
		Release|Any CPU = Release|Any CPU
	EndGlobalSection
	GlobalSection(ProjectConfigurationPlatforms) = postSolution
		{1517572F-6BE5-4A05-8EEE-E1588F7366DB}.Debug|Any CPU.ActiveCfg = Debug|Any CPU
		{1517572F-6BE5-4A05-8EEE-E1588F7366DB}.Debug|Any CPU.Build.0 = Debug|Any CPU
		{1517572F-6BE5-4A05-8EEE-E1588F7366DB}.Release|Any CPU.ActiveCfg = Release|Any CPU
		{1517572F-6BE5-4A05-8EEE-E1588F7366DB}.Release|Any CPU.Build.0 = Release|Any CPU
	EndGlobalSection
	GlobalSection(SolutionProperties) = preSolution
		HideSolutionNode = FALSE
	EndGlobalSection
	GlobalSection(ExtensibilityGlobals) = postSolution
		SolutionGuid = {CF0E1E20-2E3F-4172-890A-A1FD8D76209A}
	EndGlobalSection
EndGlobal
