
Microsoft Visual Studio Solution File, Format Version 12.00
# Visual Studio Version 17
VisualStudioVersion = 17.1.32407.343
MinimumVisualStudioVersion = 10.0.40219.1
Project("{FAE04EC0-301F-11D3-BF4B-00C04F79EFBC}") = "8ArraysAndCollections - Sets", "8ArraysAndCollections - Sets\8ArraysAndCollections - Sets.csproj", "{AB092657-99C9-4D45-AEEB-0DB5A2560BB7}"
EndProject
Global
	GlobalSection(SolutionConfigurationPlatforms) = preSolution
		Debug|Any CPU = Debug|Any CPU
		Release|Any CPU = Release|Any CPU
	EndGlobalSection
	GlobalSection(ProjectConfigurationPlatforms) = postSolution
		{AB092657-99C9-4D45-AEEB-0DB5A2560BB7}.Debug|Any CPU.ActiveCfg = Debug|Any CPU
		{AB092657-99C9-4D45-AEEB-0DB5A2560BB7}.Debug|Any CPU.Build.0 = Debug|Any CPU
		{AB092657-99C9-4D45-AEEB-0DB5A2560BB7}.Release|Any CPU.ActiveCfg = Release|Any CPU
		{AB092657-99C9-4D45-AEEB-0DB5A2560BB7}.Release|Any CPU.Build.0 = Release|Any CPU
	EndGlobalSection
	GlobalSection(SolutionProperties) = preSolution
		HideSolutionNode = FALSE
	EndGlobalSection
	GlobalSection(ExtensibilityGlobals) = postSolution
		SolutionGuid = {B8AACF6B-A533-490E-B1AF-200B1838220A}
	EndGlobalSection
EndGlobal
